{
  "name": "EECS598HAIA2",
  "lockfileVersion": 2,
  "requires": true,
  "packages": {
    "": {
      "dependencies": {
        "libsvm-js": "^0.2.1",
        "ml-svm": "^2.1.2"
      }
    },
    "node_modules/is-any-array": {
      "version": "2.0.0",
      "resolved": "https://registry.npmjs.org/is-any-array/-/is-any-array-2.0.0.tgz",
      "integrity": "sha512-WdPV58rT3aOWXvvyuBydnCq4S2BM1Yz8shKxlEpk/6x+GX202XRvXOycEFtNgnHVLoc46hpexPFx8Pz1/sMS0w=="
    },
    "node_modules/libsvm-js": {
      "version": "0.2.1",
      "resolved": "https://registry.npmjs.org/libsvm-js/-/libsvm-js-0.2.1.tgz",
      "integrity": "sha512-tN9gh91NCAwSIhjgG3y8pdKETTwnwFvvSFNIrQQuJGVtAu0SO6Y43D7OEKMSVhQLQkgLADlDaqo9uxNGVEzJEA=="
    },
    "node_modules/ml-array-max": {
      "version": "1.2.4",
      "resolved": "https://registry.npmjs.org/ml-array-max/-/ml-array-max-1.2.4.tgz",
      "integrity": "sha512-BlEeg80jI0tW6WaPyGxf5Sa4sqvcyY6lbSn5Vcv44lp1I2GR6AWojfUvLnGTNsIXrZ8uqWmo8VcG1WpkI2ONMQ==",
      "dependencies": {
        "is-any-array": "^2.0.0"
      }
    },
    "node_modules/ml-array-min": {
      "version": "1.2.3",
      "resolved": "https://registry.npmjs.org/ml-array-min/-/ml-array-min-1.2.3.tgz",
      "integrity": "sha512-VcZ5f3VZ1iihtrGvgfh/q0XlMobG6GQ8FsNyQXD3T+IlstDv85g8kfV0xUG1QPRO/t21aukaJowDzMTc7j5V6Q==",
      "dependencies": {
        "is-any-array": "^2.0.0"
      }
    },
    "node_modules/ml-array-rescale": {
      "version": "1.3.7",
      "resolved": "https://registry.npmjs.org/ml-array-rescale/-/ml-array-rescale-1.3.7.tgz",
      "integrity": "sha512-48NGChTouvEo9KBctDfHC3udWnQKNKEWN0ziELvY3KG25GR5cA8K8wNVzracsqSW1QEkAXjTNx+ycgAv06/1mQ==",
      "dependencies": {
        "is-any-array": "^2.0.0",
        "ml-array-max": "^1.2.4",
        "ml-array-min": "^1.2.3"
      }
    },
    "node_modules/ml-distance-euclidean": {
      "version": "1.0.0",
      "resolved": "https://registry.npmjs.org/ml-distance-euclidean/-/ml-distance-euclidean-1.0.0.tgz",
      "integrity": "sha512-/AwJjukaRjk3vsox2CMOrfgdZ1isZc6tJuEyMe5c66ZU0u/93upZQEUR5ZKNNaKShxoP9b5cIXUKPuztkQyHoQ=="
    },
    "node_modules/ml-kernel": {
      "version": "2.3.4",
      "resolved": "https://registry.npmjs.org/ml-kernel/-/ml-kernel-2.3.4.tgz",
      "integrity": "sha512-XH841rI/FANQD1JbhJuSy2XpXmstDjTRoYqJTQRq3V+sZmphvOKIJx1bWTr2vCxduDcWV/M77AYPZRivqt5QTA==",
      "dependencies": {
        "ml-distance-euclidean": "^1.0.0",
        "ml-kernel-gaussian": "^2.0.1",
        "ml-kernel-polynomial": "^2.0.0",
        "ml-kernel-sigmoid": "^1.0.0",
        "ml-matrix": "^5.0.0"
      }
    },
    "node_modules/ml-kernel-gaussian": {
      "version": "2.0.2",
      "resolved": "https://registry.npmjs.org/ml-kernel-gaussian/-/ml-kernel-gaussian-2.0.2.tgz",
      "integrity": "sha512-5MBrH2g9MBO53I6mcyXvMhyOLsmO2w21+26A1ZV/vYoxqpsov2PWkT8bhdFCEe0kgDupmAb6u81iOID/rhnarA==",
      "dependencies": {
        "ml-distance-euclidean": "^2.0.0"
      }
    },
    "node_modules/ml-kernel-gaussian/node_modules/ml-distance-euclidean": {
      "version": "2.0.0",
      "resolved": "https://registry.npmjs.org/ml-distance-euclidean/-/ml-distance-euclidean-2.0.0.tgz",
      "integrity": "sha512-yC9/2o8QF0A3m/0IXqCTXCzz2pNEzvmcE/9HFKOZGnTjatvBbsn4lWYJkxENkA4Ug2fnYl7PXQxnPi21sgMy/Q=="
    },
    "node_modules/ml-kernel-polynomial": {
      "version": "2.0.1",
      "resolved": "https://registry.npmjs.org/ml-kernel-polynomial/-/ml-kernel-polynomial-2.0.1.tgz",
      "integrity": "sha512-aGDNRPHDiKeJmBxB0L9wTxKNLfp5JytbdRIo5K+FTcmFjkWDe3YZPo6R6wBB5mxaJ5eqTRawzeV4RoIWHbakyQ=="
    },
    "node_modules/ml-kernel-sigmoid": {
      "version": "1.0.1",
      "resolved": "https://registry.npmjs.org/ml-kernel-sigmoid/-/ml-kernel-sigmoid-1.0.1.tgz",
      "integrity": "sha512-mSbYOSbNQ7GsUAGrHuUHNsLgM3bZGpXkotw/FBdKZD9YMXfVOgQb1LvvvVeSlOR/ZdmX23qqaV0RnKSYWBF8og=="
    },
    "node_modules/ml-matrix": {
      "version": "5.3.0",
      "resolved": "https://registry.npmjs.org/ml-matrix/-/ml-matrix-5.3.0.tgz",
      "integrity": "sha512-DuvdXYwfGRpM+7MVdvi/zSjiazn+8QPrACT3Xi0pQpYx5SXZ1WuFYwUDXTSmV9+hrCxRhrC4hrzesNcfjpvOsw==",
      "dependencies": {
        "ml-array-max": "^1.1.1",
        "ml-array-rescale": "^1.2.1"
      }
    },
    "node_modules/ml-stat": {
      "version": "1.3.3",
      "resolved": "https://registry.npmjs.org/ml-stat/-/ml-stat-1.3.3.tgz",
      "integrity": "sha512-F6plydFIKFZA+7j/pRsRrfRu4nwsruQvYD9QxHWc4hFUdASVznsKUL2hgAwgMVizY/P0+b1L9bVQexKES5y/uw=="
    },
    "node_modules/ml-svm": {
      "version": "2.1.2",
      "resolved": "https://registry.npmjs.org/ml-svm/-/ml-svm-2.1.2.tgz",
      "integrity": "sha512-5en8BpWkEkno7WE+pAd3gmDRrQVQISrcmD2v2He5T54jsX4G71EcXWQoKtRyus30RV0CtlLagXpZpSJs/wnMbg==",
      "dependencies": {
        "ml-kernel": "^2.2.0",
        "ml-stat": "^1.2.0"
      }
    }
  },
  "dependencies": {
    "is-any-array": {
      "version": "2.0.0",
      "resolved": "https://registry.npmjs.org/is-any-array/-/is-any-array-2.0.0.tgz",
      "integrity": "sha512-WdPV58rT3aOWXvvyuBydnCq4S2BM1Yz8shKxlEpk/6x+GX202XRvXOycEFtNgnHVLoc46hpexPFx8Pz1/sMS0w=="
    },
    "libsvm-js": {
      "version": "0.2.1",
      "resolved": "https://registry.npmjs.org/libsvm-js/-/libsvm-js-0.2.1.tgz",
      "integrity": "sha512-tN9gh91NCAwSIhjgG3y8pdKETTwnwFvvSFNIrQQuJGVtAu0SO6Y43D7OEKMSVhQLQkgLADlDaqo9uxNGVEzJEA=="
    },
    "ml-array-max": {
      "version": "1.2.4",
      "resolved": "https://registry.npmjs.org/ml-array-max/-/ml-array-max-1.2.4.tgz",
      "integrity": "sha512-BlEeg80jI0tW6WaPyGxf5Sa4sqvcyY6lbSn5Vcv44lp1I2GR6AWojfUvLnGTNsIXrZ8uqWmo8VcG1WpkI2ONMQ==",
      "requires": {
        "is-any-array": "^2.0.0"
      }
    },
    "ml-array-min": {
      "version": "1.2.3",
      "resolved": "https://registry.npmjs.org/ml-array-min/-/ml-array-min-1.2.3.tgz",
      "integrity": "sha512-VcZ5f3VZ1iihtrGvgfh/q0XlMobG6GQ8FsNyQXD3T+IlstDv85g8kfV0xUG1QPRO/t21aukaJowDzMTc7j5V6Q==",
      "requires": {
        "is-any-array": "^2.0.0"
      }
    },
    "ml-array-rescale": {
      "version": "1.3.7",
      "resolved": "https://registry.npmjs.org/ml-array-rescale/-/ml-array-rescale-1.3.7.tgz",
      "integrity": "sha512-48NGChTouvEo9KBctDfHC3udWnQKNKEWN0ziELvY3KG25GR5cA8K8wNVzracsqSW1QEkAXjTNx+ycgAv06/1mQ==",
      "requires": {
        "is-any-array": "^2.0.0",
        "ml-array-max": "^1.2.4",
        "ml-array-min": "^1.2.3"
      }
    },
    "ml-distance-euclidean": {
      "version": "1.0.0",
      "resolved": "https://registry.npmjs.org/ml-distance-euclidean/-/ml-distance-euclidean-1.0.0.tgz",
      "integrity": "sha512-/AwJjukaRjk3vsox2CMOrfgdZ1isZc6tJuEyMe5c66ZU0u/93upZQEUR5ZKNNaKShxoP9b5cIXUKPuztkQyHoQ=="
    },
    "ml-kernel": {
      "version": "2.3.4",
      "resolved": "https://registry.npmjs.org/ml-kernel/-/ml-kernel-2.3.4.tgz",
      "integrity": "sha512-XH841rI/FANQD1JbhJuSy2XpXmstDjTRoYqJTQRq3V+sZmphvOKIJx1bWTr2vCxduDcWV/M77AYPZRivqt5QTA==",
      "requires": {
        "ml-distance-euclidean": "^1.0.0",
        "ml-kernel-gaussian": "^2.0.1",
        "ml-kernel-polynomial": "^2.0.0",
        "ml-kernel-sigmoid": "^1.0.0",
        "ml-matrix": "^5.0.0"
      }
    },
    "ml-kernel-gaussian": {
      "version": "2.0.2",
      "resolved": "https://registry.npmjs.org/ml-kernel-gaussian/-/ml-kernel-gaussian-2.0.2.tgz",
      "integrity": "sha512-5MBrH2g9MBO53I6mcyXvMhyOLsmO2w21+26A1ZV/vYoxqpsov2PWkT8bhdFCEe0kgDupmAb6u81iOID/rhnarA==",
      "requires": {
        "ml-distance-euclidean": "^2.0.0"
      },
      "dependencies": {
        "ml-distance-euclidean": {
          "version": "2.0.0",
          "resolved": "https://registry.npmjs.org/ml-distance-euclidean/-/ml-distance-euclidean-2.0.0.tgz",
          "integrity": "sha512-yC9/2o8QF0A3m/0IXqCTXCzz2pNEzvmcE/9HFKOZGnTjatvBbsn4lWYJkxENkA4Ug2fnYl7PXQxnPi21sgMy/Q=="
        }
      }
    },
    "ml-kernel-polynomial": {
      "version": "2.0.1",
      "resolved": "https://registry.npmjs.org/ml-kernel-polynomial/-/ml-kernel-polynomial-2.0.1.tgz",
      "integrity": "sha512-aGDNRPHDiKeJmBxB0L9wTxKNLfp5JytbdRIo5K+FTcmFjkWDe3YZPo6R6wBB5mxaJ5eqTRawzeV4RoIWHbakyQ=="
    },
    "ml-kernel-sigmoid": {
      "version": "1.0.1",
      "resolved": "https://registry.npmjs.org/ml-kernel-sigmoid/-/ml-kernel-sigmoid-1.0.1.tgz",
      "integrity": "sha512-mSbYOSbNQ7GsUAGrHuUHNsLgM3bZGpXkotw/FBdKZD9YMXfVOgQb1LvvvVeSlOR/ZdmX23qqaV0RnKSYWBF8og=="
    },
    "ml-matrix": {
      "version": "5.3.0",
      "resolved": "https://registry.npmjs.org/ml-matrix/-/ml-matrix-5.3.0.tgz",
      "integrity": "sha512-DuvdXYwfGRpM+7MVdvi/zSjiazn+8QPrACT3Xi0pQpYx5SXZ1WuFYwUDXTSmV9+hrCxRhrC4hrzesNcfjpvOsw==",
      "requires": {
        "ml-array-max": "^1.1.1",
        "ml-array-rescale": "^1.2.1"
      }
    },
    "ml-stat": {
      "version": "1.3.3",
      "resolved": "https://registry.npmjs.org/ml-stat/-/ml-stat-1.3.3.tgz",
      "integrity": "sha512-F6plydFIKFZA+7j/pRsRrfRu4nwsruQvYD9QxHWc4hFUdASVznsKUL2hgAwgMVizY/P0+b1L9bVQexKES5y/uw=="
    },
    "ml-svm": {
      "version": "2.1.2",
      "resolved": "https://registry.npmjs.org/ml-svm/-/ml-svm-2.1.2.tgz",
      "integrity": "sha512-5en8BpWkEkno7WE+pAd3gmDRrQVQISrcmD2v2He5T54jsX4G71EcXWQoKtRyus30RV0CtlLagXpZpSJs/wnMbg==",
      "requires": {
        "ml-kernel": "^2.2.0",
        "ml-stat": "^1.2.0"
      }
    }
  }
}
